
Microsoft Visual Studio Solution File, Format Version 12.00
# Visual Studio Version 17
VisualStudioVersion = 17.14.36408.4 d17.14
MinimumVisualStudioVersion = 10.0.40219.1
Project("{FAE04EC0-301F-11D3-BF4B-00C04F79EFBC}") = "Proj.Loja", "Proj.Loja\Proj.Loja.csproj", "{BEFB3477-85BD-4945-8FCD-BE2927CBCE98}"
EndProject
Global
	GlobalSection(SolutionConfigurationPlatforms) = preSolution
		Debug|Any CPU = Debug|Any CPU
		Release|Any CPU = Release|Any CPU
	EndGlobalSection
	GlobalSection(ProjectConfigurationPlatforms) = postSolution
		{BEFB3477-85BD-4945-8FCD-BE2927CBCE98}.Debug|Any CPU.ActiveCfg = Debug|Any CPU
		{BEFB3477-85BD-4945-8FCD-BE2927CBCE98}.Debug|Any CPU.Build.0 = Debug|Any CPU
		{BEFB3477-85BD-4945-8FCD-BE2927CBCE98}.Release|Any CPU.ActiveCfg = Release|Any CPU
		{BEFB3477-85BD-4945-8FCD-BE2927CBCE98}.Release|Any CPU.Build.0 = Release|Any CPU
	EndGlobalSection
	GlobalSection(SolutionProperties) = preSolution
		HideSolutionNode = FALSE
	EndGlobalSection
	GlobalSection(ExtensibilityGlobals) = postSolution
		SolutionGuid = {AA848A25-5886-4B5C-9D5C-123CF6F81C71}
	EndGlobalSection
EndGlobal
